
Microsoft Visual Studio Solution File, Format Version 12.00
# Visual Studio Version 17
VisualStudioVersion = 17.6.33829.357
MinimumVisualStudioVersion = 10.0.40219.1
Project("{FAE04EC0-301F-11D3-BF4B-00C04F79EFBC}") = "ConsoleApp3", "ConsoleApp3\ConsoleApp3.csproj", "{C99D7382-6933-4DCE-B4F1-64AA697C4286}"
EndProject
Global
	GlobalSection(SolutionConfigurationPlatforms) = preSolution
		Debug|Any CPU = Debug|Any CPU
		Release|Any CPU = Release|Any CPU
	EndGlobalSection
	GlobalSection(ProjectConfigurationPlatforms) = postSolution
		{C99D7382-6933-4DCE-B4F1-64AA697C4286}.Debug|Any CPU.ActiveCfg = Debug|Any CPU
		{C99D7382-6933-4DCE-B4F1-64AA697C4286}.Debug|Any CPU.Build.0 = Debug|Any CPU
		{C99D7382-6933-4DCE-B4F1-64AA697C4286}.Release|Any CPU.ActiveCfg = Release|Any CPU
		{C99D7382-6933-4DCE-B4F1-64AA697C4286}.Release|Any CPU.Build.0 = Release|Any CPU
	EndGlobalSection
	GlobalSection(SolutionProperties) = preSolution
		HideSolutionNode = FALSE
	EndGlobalSection
	GlobalSection(ExtensibilityGlobals) = postSolution
		SolutionGuid = {AFA306B8-4973-4EB5-ACDF-A26BA6154437}
	EndGlobalSection
EndGlobal
